// !$*UTF8*$!
{
	archiveVersion = 1;
	classes = {
	};
	objectVersion = 77;
	objects = {

/* Begin PBXBuildFile section */
		9C6EAEDC2DD3B10F00C2A6D2 /* Assets.xcassets in Resources */ = {isa = PBXBuildFile; fileRef = 9C6EAED82DD3B10F00C2A6D2 /* Assets.xcassets */; };
		9C6EAEDD2DD3B10F00C2A6D2 /* Preview Assets.xcassets in Resources */ = {isa = PBXBuildFile; fileRef = 9C6EAED62DD3B10F00C2A6D2 /* Preview Assets.xcassets */; };
		9C6EAEDE2DD3B10F00C2A6D2 /* OpenAIResponse.swift in Sources */ = {isa = PBXBuildFile; fileRef = 9C6EAEC02DD3B10F00C2A6D2 /* OpenAIResponse.swift */; };
		9C6EAEDF2DD3B10F00C2A6D2 /* HomeViewModel.swift in Sources */ = {isa = PBXBuildFile; fileRef = 9C6EAED12DD3B10F00C2A6D2 /* HomeViewModel.swift */; };
		9C6EAEE02DD3B10F00C2A6D2 /* Shaders.metal in Sources */ = {isa = PBXBuildFile; fileRef = 9C6EAEBB2DD3B10F00C2A6D2 /* Shaders.metal */; };
		9C6EAEE12DD3B10F00C2A6D2 /* MockMovie.swift in Sources */ = {isa = PBXBuildFile; fileRef = 9C6EAECE2DD3B10F00C2A6D2 /* MockMovie.swift */; };
		9C6EAEE22DD3B10F00C2A6D2 /* TextTransition.swift in Sources */ = {isa = PBXBuildFile; fileRef = 9C6EAEBC2DD3B10F00C2A6D2 /* TextTransition.swift */; };
		9C6EAEE32DD3B10F00C2A6D2 /* AIActionButton.swift in Sources */ = {isa = PBXBuildFile; fileRef = 9C6EAEB12DD3B10F00C2A6D2 /* AIActionButton.swift */; };
		9C6EAEE42DD3B10F00C2A6D2 /* MovieRepository.swift in Sources */ = {isa = PBXBuildFile; fileRef = 9C6EAEC82DD3B10F00C2A6D2 /* MovieRepository.swift */; };
		9C6EAEE52DD3B10F00C2A6D2 /* OpenAIService.swift in Sources */ = {isa = PBXBuildFile; fileRef = 9C6EAEC22DD3B10F00C2A6D2 /* OpenAIService.swift */; };
		9C6EAEE62DD3B10F00C2A6D2 /* WhichMovieTonightApp.swift in Sources */ = {isa = PBXBuildFile; fileRef = 9C6EAEDA2DD3B10F00C2A6D2 /* WhichMovieTonightApp.swift */; };
		9C6EAEE72DD3B10F00C2A6D2 /* MovieSuggestionDTO.swift in Sources */ = {isa = PBXBuildFile; fileRef = 9C6EAEBF2DD3B10F00C2A6D2 /* MovieSuggestionDTO.swift */; };
		9C6EAEE82DD3B10F00C2A6D2 /* TestsUI.swift in Sources */ = {isa = PBXBuildFile; fileRef = 9C6EAED32DD3B10F00C2A6D2 /* TestsUI.swift */; };
		9C6EAEE92DD3B10F00C2A6D2 /* Ripple.metal in Sources */ = {isa = PBXBuildFile; fileRef = 9C6EAEB92DD3B10F00C2A6D2 /* Ripple.metal */; };
		9C6EAEEA2DD3B10F00C2A6D2 /* MovieRepositoryImpl.swift in Sources */ = {isa = PBXBuildFile; fileRef = 9C6EAEC92DD3B10F00C2A6D2 /* MovieRepositoryImpl.swift */; };
		9C6EAEEB2DD3B10F00C2A6D2 /* MockMovieRepository.swift in Sources */ = {isa = PBXBuildFile; fileRef = 9C6EAEC72DD3B10F00C2A6D2 /* MockMovieRepository.swift */; };
		9C6EAEEC2DD3B10F00C2A6D2 /* FlowLayout.swift in Sources */ = {isa = PBXBuildFile; fileRef = 9C6EAEB22DD3B10F00C2A6D2 /* FlowLayout.swift */; };
		9C6EAEED2DD3B10F00C2A6D2 /* example-swiftui-shaders.metal in Sources */ = {isa = PBXBuildFile; fileRef = 9C6EAEB82DD3B10F00C2A6D2 /* example-swiftui-shaders.metal */; };
		9C6EAEEE2DD3B10F00C2A6D2 /* ToastView.swift in Sources */ = {isa = PBXBuildFile; fileRef = 9C6EAEB52DD3B10F00C2A6D2 /* ToastView.swift */; };
		9C6EAEEF2DD3B10F00C2A6D2 /* MovieCardView.swift in Sources */ = {isa = PBXBuildFile; fileRef = 9C6EAED22DD3B10F00C2A6D2 /* MovieCardView.swift */; };
		9C6EAEF02DD3B10F00C2A6D2 /* AnimatedMeshGradient.swift in Sources */ = {isa = PBXBuildFile; fileRef = 9C6EAEB72DD3B10F00C2A6D2 /* AnimatedMeshGradient.swift */; };
		9C6EAEF12DD3B10F00C2A6D2 /* MovieGenreCapsule.swift in Sources */ = {isa = PBXBuildFile; fileRef = 9C6EAEB32DD3B10F00C2A6D2 /* MovieGenreCapsule.swift */; };
		9C6EAEF22DD3B10F00C2A6D2 /* ContentView.swift in Sources */ = {isa = PBXBuildFile; fileRef = 9C6EAED92DD3B10F00C2A6D2 /* ContentView.swift */; };
		9C6EAEF32DD3B10F00C2A6D2 /* Ripple.swift in Sources */ = {isa = PBXBuildFile; fileRef = 9C6EAEBA2DD3B10F00C2A6D2 /* Ripple.swift */; };
		9C6EAEF42DD3B10F00C2A6D2 /* HomeView.swift in Sources */ = {isa = PBXBuildFile; fileRef = 9C6EAED02DD3B10F00C2A6D2 /* HomeView.swift */; };
		9C6EAEF52DD3B10F00C2A6D2 /* Movie.swift in Sources */ = {isa = PBXBuildFile; fileRef = 9C6EAEC52DD3B10F00C2A6D2 /* Movie.swift */; };
		9C6EAEF62DD3B10F00C2A6D2 /* MovieGenreSelectionView.swift in Sources */ = {isa = PBXBuildFile; fileRef = 9C6EAEB42DD3B10F00C2A6D2 /* MovieGenreSelectionView.swift */; };
		9C6EAEF72DD3B10F00C2A6D2 /* FindTonightMovieUseCase.swift in Sources */ = {isa = PBXBuildFile; fileRef = 9C6EAECB2DD3B10F00C2A6D2 /* FindTonightMovieUseCase.swift */; };
		9C6EAEF92DD3B61500C2A6D2 /* GoogleService-Info.plist in Resources */ = {isa = PBXBuildFile; fileRef = 9C6EAEF82DD3B61500C2A6D2 /* GoogleService-Info.plist */; };
		9C6EAEFD2DD3BFAD00C2A6D2 /* FirebaseAnalytics in Frameworks */ = {isa = PBXBuildFile; productRef = 9C6EAEFC2DD3BFAD00C2A6D2 /* FirebaseAnalytics */; };
		9C6EAEFF2DD3BFAD00C2A6D2 /* FirebaseAuth in Frameworks */ = {isa = PBXBuildFile; productRef = 9C6EAEFE2DD3BFAD00C2A6D2 /* FirebaseAuth */; };
		9C6EAF012DD3BFAD00C2A6D2 /* FirebaseCore in Frameworks */ = {isa = PBXBuildFile; productRef = 9C6EAF002DD3BFAD00C2A6D2 /* FirebaseCore */; };
		9C6EAF032DD3BFAD00C2A6D2 /* FirebaseCrashlytics in Frameworks */ = {isa = PBXBuildFile; productRef = 9C6EAF022DD3BFAD00C2A6D2 /* FirebaseCrashlytics */; };
		9C6EAF052DD3BFAD00C2A6D2 /* FirebaseFirestore in Frameworks */ = {isa = PBXBuildFile; productRef = 9C6EAF042DD3BFAD00C2A6D2 /* FirebaseFirestore */; };
/* End PBXBuildFile section */

/* Begin PBXFileReference section */
		9C6EAEB12DD3B10F00C2A6D2 /* AIActionButton.swift */ = {isa = PBXFileReference; lastKnownFileType = sourcecode.swift; path = AIActionButton.swift; sourceTree = "<group>"; };
		9C6EAEB22DD3B10F00C2A6D2 /* FlowLayout.swift */ = {isa = PBXFileReference; lastKnownFileType = sourcecode.swift; path = FlowLayout.swift; sourceTree = "<group>"; };
		9C6EAEB32DD3B10F00C2A6D2 /* MovieGenreCapsule.swift */ = {isa = PBXFileReference; lastKnownFileType = sourcecode.swift; path = MovieGenreCapsule.swift; sourceTree = "<group>"; };
		9C6EAEB42DD3B10F00C2A6D2 /* MovieGenreSelectionView.swift */ = {isa = PBXFileReference; lastKnownFileType = sourcecode.swift; path = MovieGenreSelectionView.swift; sourceTree = "<group>"; };
		9C6EAEB52DD3B10F00C2A6D2 /* ToastView.swift */ = {isa = PBXFileReference; lastKnownFileType = sourcecode.swift; path = ToastView.swift; sourceTree = "<group>"; };
		9C6EAEB72DD3B10F00C2A6D2 /* AnimatedMeshGradient.swift */ = {isa = PBXFileReference; lastKnownFileType = sourcecode.swift; path = AnimatedMeshGradient.swift; sourceTree = "<group>"; };
		9C6EAEB82DD3B10F00C2A6D2 /* example-swiftui-shaders.metal */ = {isa = PBXFileReference; lastKnownFileType = sourcecode.metal; path = "example-swiftui-shaders.metal"; sourceTree = "<group>"; };
		9C6EAEB92DD3B10F00C2A6D2 /* Ripple.metal */ = {isa = PBXFileReference; lastKnownFileType = sourcecode.metal; path = Ripple.metal; sourceTree = "<group>"; };
		9C6EAEBA2DD3B10F00C2A6D2 /* Ripple.swift */ = {isa = PBXFileReference; lastKnownFileType = sourcecode.swift; path = Ripple.swift; sourceTree = "<group>"; };
		9C6EAEBB2DD3B10F00C2A6D2 /* Shaders.metal */ = {isa = PBXFileReference; lastKnownFileType = sourcecode.metal; path = Shaders.metal; sourceTree = "<group>"; };
		9C6EAEBC2DD3B10F00C2A6D2 /* TextTransition.swift */ = {isa = PBXFileReference; lastKnownFileType = sourcecode.swift; path = TextTransition.swift; sourceTree = "<group>"; };
		9C6EAEBF2DD3B10F00C2A6D2 /* MovieSuggestionDTO.swift */ = {isa = PBXFileReference; lastKnownFileType = sourcecode.swift; path = MovieSuggestionDTO.swift; sourceTree = "<group>"; };
		9C6EAEC02DD3B10F00C2A6D2 /* OpenAIResponse.swift */ = {isa = PBXFileReference; lastKnownFileType = sourcecode.swift; path = OpenAIResponse.swift; sourceTree = "<group>"; };
		9C6EAEC22DD3B10F00C2A6D2 /* OpenAIService.swift */ = {isa = PBXFileReference; lastKnownFileType = sourcecode.swift; path = OpenAIService.swift; sourceTree = "<group>"; };
		9C6EAEC52DD3B10F00C2A6D2 /* Movie.swift */ = {isa = PBXFileReference; lastKnownFileType = sourcecode.swift; path = Movie.swift; sourceTree = "<group>"; };
		9C6EAEC72DD3B10F00C2A6D2 /* MockMovieRepository.swift */ = {isa = PBXFileReference; lastKnownFileType = sourcecode.swift; path = MockMovieRepository.swift; sourceTree = "<group>"; };
		9C6EAEC82DD3B10F00C2A6D2 /* MovieRepository.swift */ = {isa = PBXFileReference; lastKnownFileType = sourcecode.swift; path = MovieRepository.swift; sourceTree = "<group>"; };
		9C6EAEC92DD3B10F00C2A6D2 /* MovieRepositoryImpl.swift */ = {isa = PBXFileReference; lastKnownFileType = sourcecode.swift; path = MovieRepositoryImpl.swift; sourceTree = "<group>"; };
		9C6EAECB2DD3B10F00C2A6D2 /* FindTonightMovieUseCase.swift */ = {isa = PBXFileReference; lastKnownFileType = sourcecode.swift; path = FindTonightMovieUseCase.swift; sourceTree = "<group>"; };
		9C6EAECE2DD3B10F00C2A6D2 /* MockMovie.swift */ = {isa = PBXFileReference; lastKnownFileType = sourcecode.swift; path = MockMovie.swift; sourceTree = "<group>"; };
		9C6EAED02DD3B10F00C2A6D2 /* HomeView.swift */ = {isa = PBXFileReference; lastKnownFileType = sourcecode.swift; path = HomeView.swift; sourceTree = "<group>"; };
		9C6EAED12DD3B10F00C2A6D2 /* HomeViewModel.swift */ = {isa = PBXFileReference; lastKnownFileType = sourcecode.swift; path = HomeViewModel.swift; sourceTree = "<group>"; };
		9C6EAED22DD3B10F00C2A6D2 /* MovieCardView.swift */ = {isa = PBXFileReference; lastKnownFileType = sourcecode.swift; path = MovieCardView.swift; sourceTree = "<group>"; };
		9C6EAED32DD3B10F00C2A6D2 /* TestsUI.swift */ = {isa = PBXFileReference; lastKnownFileType = sourcecode.swift; path = TestsUI.swift; sourceTree = "<group>"; };
		9C6EAED62DD3B10F00C2A6D2 /* Preview Assets.xcassets */ = {isa = PBXFileReference; lastKnownFileType = folder.assetcatalog; path = "Preview Assets.xcassets"; sourceTree = "<group>"; };
		9C6EAED82DD3B10F00C2A6D2 /* Assets.xcassets */ = {isa = PBXFileReference; lastKnownFileType = folder.assetcatalog; path = Assets.xcassets; sourceTree = "<group>"; };
		9C6EAED92DD3B10F00C2A6D2 /* ContentView.swift */ = {isa = PBXFileReference; lastKnownFileType = sourcecode.swift; path = ContentView.swift; sourceTree = "<group>"; };
		9C6EAEDA2DD3B10F00C2A6D2 /* WhichMovieTonightApp.swift */ = {isa = PBXFileReference; lastKnownFileType = sourcecode.swift; path = WhichMovieTonightApp.swift; sourceTree = "<group>"; };
		9C6EAEF82DD3B61500C2A6D2 /* GoogleService-Info.plist */ = {isa = PBXFileReference; lastKnownFileType = text.plist.xml; path = "GoogleService-Info.plist"; sourceTree = "<group>"; };
		9C8C93FC2D96F4B300B1DC00 /* WhichMovieTonight.app */ = {isa = PBXFileReference; explicitFileType = wrapper.application; includeInIndex = 0; path = WhichMovieTonight.app; sourceTree = BUILT_PRODUCTS_DIR; };
/* End PBXFileReference section */

/* Begin PBXFrameworksBuildPhase section */
		9C8C93F92D96F4B300B1DC00 /* Frameworks */ = {
			isa = PBXFrameworksBuildPhase;
			buildActionMask = 2147483647;
			files = (
				9C6EAEFD2DD3BFAD00C2A6D2 /* FirebaseAnalytics in Frameworks */,
				9C6EAF032DD3BFAD00C2A6D2 /* FirebaseCrashlytics in Frameworks */,
				9C6EAF012DD3BFAD00C2A6D2 /* FirebaseCore in Frameworks */,
				9C6EAF052DD3BFAD00C2A6D2 /* FirebaseFirestore in Frameworks */,
				9C6EAEFF2DD3BFAD00C2A6D2 /* FirebaseAuth in Frameworks */,
			);
			runOnlyForDeploymentPostprocessing = 0;
		};
/* End PBXFrameworksBuildPhase section */

/* Begin PBXGroup section */
		9C6EAEB62DD3B10F00C2A6D2 /* Design */ = {
			isa = PBXGroup;
			children = (
				9C6EAEB12DD3B10F00C2A6D2 /* AIActionButton.swift */,
				9C6EAEB22DD3B10F00C2A6D2 /* FlowLayout.swift */,
				9C6EAEB32DD3B10F00C2A6D2 /* MovieGenreCapsule.swift */,
				9C6EAEB42DD3B10F00C2A6D2 /* MovieGenreSelectionView.swift */,
				9C6EAEB52DD3B10F00C2A6D2 /* ToastView.swift */,
			);
			path = Design;
			sourceTree = "<group>";
		};
		9C6EAEBD2DD3B10F00C2A6D2 /* Utils */ = {
			isa = PBXGroup;
			children = (
				9C6EAEB72DD3B10F00C2A6D2 /* AnimatedMeshGradient.swift */,
				9C6EAEB82DD3B10F00C2A6D2 /* example-swiftui-shaders.metal */,
				9C6EAEB92DD3B10F00C2A6D2 /* Ripple.metal */,
				9C6EAEBA2DD3B10F00C2A6D2 /* Ripple.swift */,
				9C6EAEBB2DD3B10F00C2A6D2 /* Shaders.metal */,
				9C6EAEBC2DD3B10F00C2A6D2 /* TextTransition.swift */,
			);
			path = Utils;
			sourceTree = "<group>";
		};
		9C6EAEBE2DD3B10F00C2A6D2 /* Core */ = {
			isa = PBXGroup;
			children = (
				9C6EAEB62DD3B10F00C2A6D2 /* Design */,
				9C6EAEBD2DD3B10F00C2A6D2 /* Utils */,
			);
			path = Core;
			sourceTree = "<group>";
		};
		9C6EAEC12DD3B10F00C2A6D2 /* DTO */ = {
			isa = PBXGroup;
			children = (
				9C6EAEBF2DD3B10F00C2A6D2 /* MovieSuggestionDTO.swift */,
				9C6EAEC02DD3B10F00C2A6D2 /* OpenAIResponse.swift */,
			);
			path = DTO;
			sourceTree = "<group>";
		};
		9C6EAEC32DD3B10F00C2A6D2 /* Services */ = {
			isa = PBXGroup;
			children = (
				9C6EAEC22DD3B10F00C2A6D2 /* OpenAIService.swift */,
			);
			path = Services;
			sourceTree = "<group>";
		};
		9C6EAEC42DD3B10F00C2A6D2 /* Data */ = {
			isa = PBXGroup;
			children = (
				9C6EAEC12DD3B10F00C2A6D2 /* DTO */,
				9C6EAEC32DD3B10F00C2A6D2 /* Services */,
			);
			path = Data;
			sourceTree = "<group>";
		};
		9C6EAEC62DD3B10F00C2A6D2 /* Models */ = {
			isa = PBXGroup;
			children = (
				9C6EAEC52DD3B10F00C2A6D2 /* Movie.swift */,
			);
			path = Models;
			sourceTree = "<group>";
		};
		9C6EAECA2DD3B10F00C2A6D2 /* Repositories */ = {
			isa = PBXGroup;
			children = (
				9C6EAEC72DD3B10F00C2A6D2 /* MockMovieRepository.swift */,
				9C6EAEC82DD3B10F00C2A6D2 /* MovieRepository.swift */,
				9C6EAEC92DD3B10F00C2A6D2 /* MovieRepositoryImpl.swift */,
			);
			path = Repositories;
			sourceTree = "<group>";
		};
		9C6EAECC2DD3B10F00C2A6D2 /* UseCases */ = {
			isa = PBXGroup;
			children = (
				9C6EAECB2DD3B10F00C2A6D2 /* FindTonightMovieUseCase.swift */,
			);
			path = UseCases;
			sourceTree = "<group>";
		};
		9C6EAECD2DD3B10F00C2A6D2 /* Domain */ = {
			isa = PBXGroup;
			children = (
				9C6EAEC62DD3B10F00C2A6D2 /* Models */,
				9C6EAECA2DD3B10F00C2A6D2 /* Repositories */,
				9C6EAECC2DD3B10F00C2A6D2 /* UseCases */,
			);
			path = Domain;
			sourceTree = "<group>";
		};
		9C6EAECF2DD3B10F00C2A6D2 /* MockData */ = {
			isa = PBXGroup;
			children = (
				9C6EAECE2DD3B10F00C2A6D2 /* MockMovie.swift */,
			);
			path = MockData;
			sourceTree = "<group>";
		};
		9C6EAED42DD3B10F00C2A6D2 /* HomeView */ = {
			isa = PBXGroup;
			children = (
				9C6EAED02DD3B10F00C2A6D2 /* HomeView.swift */,
				9C6EAED12DD3B10F00C2A6D2 /* HomeViewModel.swift */,
				9C6EAED22DD3B10F00C2A6D2 /* MovieCardView.swift */,
				9C6EAED32DD3B10F00C2A6D2 /* TestsUI.swift */,
			);
			path = HomeView;
			sourceTree = "<group>";
		};
		9C6EAED52DD3B10F00C2A6D2 /* Presentation */ = {
			isa = PBXGroup;
			children = (
				9C6EAED42DD3B10F00C2A6D2 /* HomeView */,
			);
			path = Presentation;
			sourceTree = "<group>";
		};
		9C6EAED72DD3B10F00C2A6D2 /* Preview Content */ = {
			isa = PBXGroup;
			children = (
				9C6EAED62DD3B10F00C2A6D2 /* Preview Assets.xcassets */,
			);
			path = "Preview Content";
			sourceTree = "<group>";
		};
		9C6EAEDB2DD3B10F00C2A6D2 /* WhichMovieTonight */ = {
			isa = PBXGroup;
			children = (
				9C6EAEBE2DD3B10F00C2A6D2 /* Core */,
				9C6EAEC42DD3B10F00C2A6D2 /* Data */,
				9C6EAECD2DD3B10F00C2A6D2 /* Domain */,
				9C6EAECF2DD3B10F00C2A6D2 /* MockData */,
				9C6EAED52DD3B10F00C2A6D2 /* Presentation */,
				9C6EAED72DD3B10F00C2A6D2 /* Preview Content */,
				9C6EAED82DD3B10F00C2A6D2 /* Assets.xcassets */,
				9C6EAED92DD3B10F00C2A6D2 /* ContentView.swift */,
				9C6EAEDA2DD3B10F00C2A6D2 /* WhichMovieTonightApp.swift */,
				9C6EAEF82DD3B61500C2A6D2 /* GoogleService-Info.plist */,
			);
			path = WhichMovieTonight;
			sourceTree = "<group>";
		};
		9C8C93F32D96F4B300B1DC00 = {
			isa = PBXGroup;
			children = (
				9C6EAEDB2DD3B10F00C2A6D2 /* WhichMovieTonight */,
				9C8C93FD2D96F4B300B1DC00 /* Products */,
			);
			sourceTree = "<group>";
		};
		9C8C93FD2D96F4B300B1DC00 /* Products */ = {
			isa = PBXGroup;
			children = (
				9C8C93FC2D96F4B300B1DC00 /* WhichMovieTonight.app */,
			);
			name = Products;
			sourceTree = "<group>";
		};
/* End PBXGroup section */

/* Begin PBXNativeTarget section */
		9C8C93FB2D96F4B300B1DC00 /* WhichMovieTonight */ = {
			isa = PBXNativeTarget;
			buildConfigurationList = 9C8C940A2D96F4B500B1DC00 /* Build configuration list for PBXNativeTarget "WhichMovieTonight" */;
			buildPhases = (
				9C8C93F82D96F4B300B1DC00 /* Sources */,
				9C8C93F92D96F4B300B1DC00 /* Frameworks */,
				9C8C93FA2D96F4B300B1DC00 /* Resources */,
			);
			buildRules = (
			);
			dependencies = (
			);
			name = WhichMovieTonight;
			packageProductDependencies = (
				9C6EAEFC2DD3BFAD00C2A6D2 /* FirebaseAnalytics */,
				9C6EAEFE2DD3BFAD00C2A6D2 /* FirebaseAuth */,
				9C6EAF002DD3BFAD00C2A6D2 /* FirebaseCore */,
				9C6EAF022DD3BFAD00C2A6D2 /* FirebaseCrashlytics */,
				9C6EAF042DD3BFAD00C2A6D2 /* FirebaseFirestore */,
			);
			productName = Findy;
			productReference = 9C8C93FC2D96F4B300B1DC00 /* WhichMovieTonight.app */;
			productType = "com.apple.product-type.application";
		};
/* End PBXNativeTarget section */

/* Begin PBXProject section */
		9C8C93F42D96F4B300B1DC00 /* Project object */ = {
			isa = PBXProject;
			attributes = {
				BuildIndependentTargetsInParallel = 1;
				LastSwiftUpdateCheck = 1620;
				LastUpgradeCheck = 1630;
				TargetAttributes = {
					9C8C93FB2D96F4B300B1DC00 = {
						CreatedOnToolsVersion = 16.2;
					};
				};
			};
			buildConfigurationList = 9C8C93F72D96F4B300B1DC00 /* Build configuration list for PBXProject "WhichMovieTonight" */;
			developmentRegion = en;
			hasScannedForEncodings = 0;
			knownRegions = (
				en,
				Base,
			);
			mainGroup = 9C8C93F32D96F4B300B1DC00;
			minimizedProjectReferenceProxies = 1;
			packageReferences = (
				9C6EAEFB2DD3BFAD00C2A6D2 /* XCRemoteSwiftPackageReference "firebase-ios-sdk" */,
			);
			preferredProjectObjectVersion = 77;
			productRefGroup = 9C8C93FD2D96F4B300B1DC00 /* Products */;
			projectDirPath = "";
			projectRoot = "";
			targets = (
				9C8C93FB2D96F4B300B1DC00 /* WhichMovieTonight */,
			);
		};
/* End PBXProject section */

/* Begin PBXResourcesBuildPhase section */
		9C8C93FA2D96F4B300B1DC00 /* Resources */ = {
			isa = PBXResourcesBuildPhase;
			buildActionMask = 2147483647;
			files = (
				9C6EAEDC2DD3B10F00C2A6D2 /* Assets.xcassets in Resources */,
				9C6EAEDD2DD3B10F00C2A6D2 /* Preview Assets.xcassets in Resources */,
				9C6EAEF92DD3B61500C2A6D2 /* GoogleService-Info.plist in Resources */,
			);
			runOnlyForDeploymentPostprocessing = 0;
		};
/* End PBXResourcesBuildPhase section */

/* Begin PBXSourcesBuildPhase section */
		9C8C93F82D96F4B300B1DC00 /* Sources */ = {
			isa = PBXSourcesBuildPhase;
			buildActionMask = 2147483647;
			files = (
				9C6EAEDE2DD3B10F00C2A6D2 /* OpenAIResponse.swift in Sources */,
				9C6EAEDF2DD3B10F00C2A6D2 /* HomeViewModel.swift in Sources */,
				9C6EAEE02DD3B10F00C2A6D2 /* Shaders.metal in Sources */,
				9C6EAEE12DD3B10F00C2A6D2 /* MockMovie.swift in Sources */,
				9C6EAEE22DD3B10F00C2A6D2 /* TextTransition.swift in Sources */,
				9C6EAEE32DD3B10F00C2A6D2 /* AIActionButton.swift in Sources */,
				9C6EAEE42DD3B10F00C2A6D2 /* MovieRepository.swift in Sources */,
				9C6EAEE52DD3B10F00C2A6D2 /* OpenAIService.swift in Sources */,
				9C6EAEE62DD3B10F00C2A6D2 /* WhichMovieTonightApp.swift in Sources */,
				9C6EAEE72DD3B10F00C2A6D2 /* MovieSuggestionDTO.swift in Sources */,
				9C6EAEE82DD3B10F00C2A6D2 /* TestsUI.swift in Sources */,
				9C6EAEE92DD3B10F00C2A6D2 /* Ripple.metal in Sources */,
				9C6EAEEA2DD3B10F00C2A6D2 /* MovieRepositoryImpl.swift in Sources */,
				9C6EAEEB2DD3B10F00C2A6D2 /* MockMovieRepository.swift in Sources */,
				9C6EAEEC2DD3B10F00C2A6D2 /* FlowLayout.swift in Sources */,
				9C6EAEED2DD3B10F00C2A6D2 /* example-swiftui-shaders.metal in Sources */,
				9C6EAEEE2DD3B10F00C2A6D2 /* ToastView.swift in Sources */,
				9C6EAEEF2DD3B10F00C2A6D2 /* MovieCardView.swift in Sources */,
				9C6EAEF02DD3B10F00C2A6D2 /* AnimatedMeshGradient.swift in Sources */,
				9C6EAEF12DD3B10F00C2A6D2 /* MovieGenreCapsule.swift in Sources */,
				9C6EAEF22DD3B10F00C2A6D2 /* ContentView.swift in Sources */,
				9C6EAEF32DD3B10F00C2A6D2 /* Ripple.swift in Sources */,
				9C6EAEF42DD3B10F00C2A6D2 /* HomeView.swift in Sources */,
				9C6EAEF52DD3B10F00C2A6D2 /* Movie.swift in Sources */,
				9C6EAEF62DD3B10F00C2A6D2 /* MovieGenreSelectionView.swift in Sources */,
				9C6EAEF72DD3B10F00C2A6D2 /* FindTonightMovieUseCase.swift in Sources */,
			);
			runOnlyForDeploymentPostprocessing = 0;
		};
/* End PBXSourcesBuildPhase section */

/* Begin XCBuildConfiguration section */
		9C8C94082D96F4B500B1DC00 /* Debug */ = {
			isa = XCBuildConfiguration;
			buildSettings = {
				ALWAYS_SEARCH_USER_PATHS = NO;
				ASSETCATALOG_COMPILER_GENERATE_SWIFT_ASSET_SYMBOL_EXTENSIONS = YES;
				CLANG_ANALYZER_NONNULL = YES;
				CLANG_ANALYZER_NUMBER_OBJECT_CONVERSION = YES_AGGRESSIVE;
				CLANG_CXX_LANGUAGE_STANDARD = "gnu++20";
				CLANG_ENABLE_MODULES = YES;
				CLANG_ENABLE_OBJC_ARC = YES;
				CLANG_ENABLE_OBJC_WEAK = YES;
				CLANG_WARN_BLOCK_CAPTURE_AUTORELEASING = YES;
				CLANG_WARN_BOOL_CONVERSION = YES;
				CLANG_WARN_COMMA = YES;
				CLANG_WARN_CONSTANT_CONVERSION = YES;
				CLANG_WARN_DEPRECATED_OBJC_IMPLEMENTATIONS = YES;
				CLANG_WARN_DIRECT_OBJC_ISA_USAGE = YES_ERROR;
				CLANG_WARN_DOCUMENTATION_COMMENTS = YES;
				CLANG_WARN_EMPTY_BODY = YES;
				CLANG_WARN_ENUM_CONVERSION = YES;
				CLANG_WARN_INFINITE_RECURSION = YES;
				CLANG_WARN_INT_CONVERSION = YES;
				CLANG_WARN_NON_LITERAL_NULL_CONVERSION = YES;
				CLANG_WARN_OBJC_IMPLICIT_RETAIN_SELF = YES;
				CLANG_WARN_OBJC_LITERAL_CONVERSION = YES;
				CLANG_WARN_OBJC_ROOT_CLASS = YES_ERROR;
				CLANG_WARN_QUOTED_INCLUDE_IN_FRAMEWORK_HEADER = YES;
				CLANG_WARN_RANGE_LOOP_ANALYSIS = YES;
				CLANG_WARN_STRICT_PROTOTYPES = YES;
				CLANG_WARN_SUSPICIOUS_MOVE = YES;
				CLANG_WARN_UNGUARDED_AVAILABILITY = YES_AGGRESSIVE;
				CLANG_WARN_UNREACHABLE_CODE = YES;
				CLANG_WARN__DUPLICATE_METHOD_MATCH = YES;
				COPY_PHASE_STRIP = NO;
				DEBUG_INFORMATION_FORMAT = dwarf;
				DEVELOPMENT_TEAM = WC244SYFG3;
				ENABLE_STRICT_OBJC_MSGSEND = YES;
				ENABLE_TESTABILITY = YES;
				ENABLE_USER_SCRIPT_SANDBOXING = YES;
				GCC_C_LANGUAGE_STANDARD = gnu17;
				GCC_DYNAMIC_NO_PIC = NO;
				GCC_NO_COMMON_BLOCKS = YES;
				GCC_OPTIMIZATION_LEVEL = 0;
				GCC_PREPROCESSOR_DEFINITIONS = (
					"DEBUG=1",
					"$(inherited)",
				);
				GCC_WARN_64_TO_32_BIT_CONVERSION = YES;
				GCC_WARN_ABOUT_RETURN_TYPE = YES_ERROR;
				GCC_WARN_UNDECLARED_SELECTOR = YES;
				GCC_WARN_UNINITIALIZED_AUTOS = YES_AGGRESSIVE;
				GCC_WARN_UNUSED_FUNCTION = YES;
				GCC_WARN_UNUSED_VARIABLE = YES;
				IPHONEOS_DEPLOYMENT_TARGET = 18.2;
				LOCALIZATION_PREFERS_STRING_CATALOGS = YES;
				MTL_ENABLE_DEBUG_INFO = INCLUDE_SOURCE;
				MTL_FAST_MATH = YES;
				ONLY_ACTIVE_ARCH = YES;
				SDKROOT = iphoneos;
				SWIFT_ACTIVE_COMPILATION_CONDITIONS = "DEBUG $(inherited)";
				SWIFT_OPTIMIZATION_LEVEL = "-Onone";
			};
			name = Debug;
		};
		9C8C94092D96F4B500B1DC00 /* Release */ = {
			isa = XCBuildConfiguration;
			buildSettings = {
				ALWAYS_SEARCH_USER_PATHS = NO;
				ASSETCATALOG_COMPILER_GENERATE_SWIFT_ASSET_SYMBOL_EXTENSIONS = YES;
				CLANG_ANALYZER_NONNULL = YES;
				CLANG_ANALYZER_NUMBER_OBJECT_CONVERSION = YES_AGGRESSIVE;
				CLANG_CXX_LANGUAGE_STANDARD = "gnu++20";
				CLANG_ENABLE_MODULES = YES;
				CLANG_ENABLE_OBJC_ARC = YES;
				CLANG_ENABLE_OBJC_WEAK = YES;
				CLANG_WARN_BLOCK_CAPTURE_AUTORELEASING = YES;
				CLANG_WARN_BOOL_CONVERSION = YES;
				CLANG_WARN_COMMA = YES;
				CLANG_WARN_CONSTANT_CONVERSION = YES;
				CLANG_WARN_DEPRECATED_OBJC_IMPLEMENTATIONS = YES;
				CLANG_WARN_DIRECT_OBJC_ISA_USAGE = YES_ERROR;
				CLANG_WARN_DOCUMENTATION_COMMENTS = YES;
				CLANG_WARN_EMPTY_BODY = YES;
				CLANG_WARN_ENUM_CONVERSION = YES;
				CLANG_WARN_INFINITE_RECURSION = YES;
				CLANG_WARN_INT_CONVERSION = YES;
				CLANG_WARN_NON_LITERAL_NULL_CONVERSION = YES;
				CLANG_WARN_OBJC_IMPLICIT_RETAIN_SELF = YES;
				CLANG_WARN_OBJC_LITERAL_CONVERSION = YES;
				CLANG_WARN_OBJC_ROOT_CLASS = YES_ERROR;
				CLANG_WARN_QUOTED_INCLUDE_IN_FRAMEWORK_HEADER = YES;
				CLANG_WARN_RANGE_LOOP_ANALYSIS = YES;
				CLANG_WARN_STRICT_PROTOTYPES = YES;
				CLANG_WARN_SUSPICIOUS_MOVE = YES;
				CLANG_WARN_UNGUARDED_AVAILABILITY = YES_AGGRESSIVE;
				CLANG_WARN_UNREACHABLE_CODE = YES;
				CLANG_WARN__DUPLICATE_METHOD_MATCH = YES;
				COPY_PHASE_STRIP = NO;
				DEBUG_INFORMATION_FORMAT = "dwarf-with-dsym";
				DEVELOPMENT_TEAM = WC244SYFG3;
				ENABLE_NS_ASSERTIONS = NO;
				ENABLE_STRICT_OBJC_MSGSEND = YES;
				ENABLE_USER_SCRIPT_SANDBOXING = YES;
				GCC_C_LANGUAGE_STANDARD = gnu17;
				GCC_NO_COMMON_BLOCKS = YES;
				GCC_WARN_64_TO_32_BIT_CONVERSION = YES;
				GCC_WARN_ABOUT_RETURN_TYPE = YES_ERROR;
				GCC_WARN_UNDECLARED_SELECTOR = YES;
				GCC_WARN_UNINITIALIZED_AUTOS = YES_AGGRESSIVE;
				GCC_WARN_UNUSED_FUNCTION = YES;
				GCC_WARN_UNUSED_VARIABLE = YES;
				IPHONEOS_DEPLOYMENT_TARGET = 18.2;
				LOCALIZATION_PREFERS_STRING_CATALOGS = YES;
				MTL_ENABLE_DEBUG_INFO = NO;
				MTL_FAST_MATH = YES;
				SDKROOT = iphoneos;
				SWIFT_COMPILATION_MODE = wholemodule;
				VALIDATE_PRODUCT = YES;
			};
			name = Release;
		};
		9C8C940B2D96F4B500B1DC00 /* Debug */ = {
			isa = XCBuildConfiguration;
			buildSettings = {
				ASSETCATALOG_COMPILER_APPICON_NAME = AppIcon;
				ASSETCATALOG_COMPILER_GLOBAL_ACCENT_COLOR_NAME = AccentColor;
				CODE_SIGN_STYLE = Automatic;
				CURRENT_PROJECT_VERSION = 1;
				DEVELOPMENT_ASSET_PATHS = "\"WhichMovieTonight/Preview Content\"";
				ENABLE_PREVIEWS = YES;
				GENERATE_INFOPLIST_FILE = YES;
				INFOPLIST_KEY_CFBundleDisplayName = "WMT - Wich Movie Tonight";
				INFOPLIST_KEY_LSApplicationCategoryType = "public.app-category.entertainment";
				INFOPLIST_KEY_UIApplicationSceneManifest_Generation = YES;
				INFOPLIST_KEY_UIApplicationSupportsIndirectInputEvents = YES;
				INFOPLIST_KEY_UILaunchScreen_Generation = YES;
				INFOPLIST_KEY_UISupportedInterfaceOrientations_iPad = "UIInterfaceOrientationPortrait UIInterfaceOrientationPortraitUpsideDown UIInterfaceOrientationLandscapeLeft UIInterfaceOrientationLandscapeRight";
				INFOPLIST_KEY_UISupportedInterfaceOrientations_iPhone = "UIInterfaceOrientationPortrait UIInterfaceOrientationLandscapeLeft UIInterfaceOrientationLandscapeRight";
				IPHONEOS_DEPLOYMENT_TARGET = 18.0;
				LD_RUNPATH_SEARCH_PATHS = (
					"$(inherited)",
					"@executable_path/Frameworks",
				);
				MARKETING_VERSION = 1.0;
				PRODUCT_BUNDLE_IDENTIFIER = com.maximetanter.WhichMovieTonight;
				PRODUCT_NAME = "$(TARGET_NAME)";
				SWIFT_EMIT_LOC_STRINGS = YES;
				SWIFT_VERSION = 5.0;
				TARGETED_DEVICE_FAMILY = "1,2";
			};
			name = Debug;
		};
		9C8C940C2D96F4B500B1DC00 /* Release */ = {
			isa = XCBuildConfiguration;
			buildSettings = {
				ASSETCATALOG_COMPILER_APPICON_NAME = AppIcon;
				ASSETCATALOG_COMPILER_GLOBAL_ACCENT_COLOR_NAME = AccentColor;
				CODE_SIGN_STYLE = Automatic;
				CURRENT_PROJECT_VERSION = 1;
				DEVELOPMENT_ASSET_PATHS = "\"WhichMovieTonight/Preview Content\"";
				ENABLE_PREVIEWS = YES;
				GENERATE_INFOPLIST_FILE = YES;
				INFOPLIST_KEY_CFBundleDisplayName = "WMT - Wich Movie Tonight";
				INFOPLIST_KEY_LSApplicationCategoryType = "public.app-category.entertainment";
				INFOPLIST_KEY_UIApplicationSceneManifest_Generation = YES;
				INFOPLIST_KEY_UIApplicationSupportsIndirectInputEvents = YES;
				INFOPLIST_KEY_UILaunchScreen_Generation = YES;
				INFOPLIST_KEY_UISupportedInterfaceOrientations_iPad = "UIInterfaceOrientationPortrait UIInterfaceOrientationPortraitUpsideDown UIInterfaceOrientationLandscapeLeft UIInterfaceOrientationLandscapeRight";
				INFOPLIST_KEY_UISupportedInterfaceOrientations_iPhone = "UIInterfaceOrientationPortrait UIInterfaceOrientationLandscapeLeft UIInterfaceOrientationLandscapeRight";
				IPHONEOS_DEPLOYMENT_TARGET = 18.0;
				LD_RUNPATH_SEARCH_PATHS = (
					"$(inherited)",
					"@executable_path/Frameworks",
				);
				MARKETING_VERSION = 1.0;
				PRODUCT_BUNDLE_IDENTIFIER = com.maximetanter.WhichMovieTonight;
				PRODUCT_NAME = "$(TARGET_NAME)";
				SWIFT_EMIT_LOC_STRINGS = YES;
				SWIFT_VERSION = 5.0;
				TARGETED_DEVICE_FAMILY = "1,2";
			};
			name = Release;
		};
/* End XCBuildConfiguration section */

/* Begin XCConfigurationList section */
		9C8C93F72D96F4B300B1DC00 /* Build configuration list for PBXProject "WhichMovieTonight" */ = {
			isa = XCConfigurationList;
			buildConfigurations = (
				9C8C94082D96F4B500B1DC00 /* Debug */,
				9C8C94092D96F4B500B1DC00 /* Release */,
			);
			defaultConfigurationIsVisible = 0;
			defaultConfigurationName = Release;
		};
		9C8C940A2D96F4B500B1DC00 /* Build configuration list for PBXNativeTarget "WhichMovieTonight" */ = {
			isa = XCConfigurationList;
			buildConfigurations = (
				9C8C940B2D96F4B500B1DC00 /* Debug */,
				9C8C940C2D96F4B500B1DC00 /* Release */,
			);
			defaultConfigurationIsVisible = 0;
			defaultConfigurationName = Release;
		};
/* End XCConfigurationList section */

/* Begin XCRemoteSwiftPackageReference section */
		9C6EAEFB2DD3BFAD00C2A6D2 /* XCRemoteSwiftPackageReference "firebase-ios-sdk" */ = {
			isa = XCRemoteSwiftPackageReference;
			repositoryURL = "https://github.com/firebase/firebase-ios-sdk";
			requirement = {
				kind = upToNextMajorVersion;
				minimumVersion = 11.12.0;
			};
		};
/* End XCRemoteSwiftPackageReference section */

/* Begin XCSwiftPackageProductDependency section */
		9C6EAEFC2DD3BFAD00C2A6D2 /* FirebaseAnalytics */ = {
			isa = XCSwiftPackageProductDependency;
			package = 9C6EAEFB2DD3BFAD00C2A6D2 /* XCRemoteSwiftPackageReference "firebase-ios-sdk" */;
			productName = FirebaseAnalytics;
		};
		9C6EAEFE2DD3BFAD00C2A6D2 /* FirebaseAuth */ = {
			isa = XCSwiftPackageProductDependency;
			package = 9C6EAEFB2DD3BFAD00C2A6D2 /* XCRemoteSwiftPackageReference "firebase-ios-sdk" */;
			productName = FirebaseAuth;
		};
		9C6EAF002DD3BFAD00C2A6D2 /* FirebaseCore */ = {
			isa = XCSwiftPackageProductDependency;
			package = 9C6EAEFB2DD3BFAD00C2A6D2 /* XCRemoteSwiftPackageReference "firebase-ios-sdk" */;
			productName = FirebaseCore;
		};
		9C6EAF022DD3BFAD00C2A6D2 /* FirebaseCrashlytics */ = {
			isa = XCSwiftPackageProductDependency;
			package = 9C6EAEFB2DD3BFAD00C2A6D2 /* XCRemoteSwiftPackageReference "firebase-ios-sdk" */;
			productName = FirebaseCrashlytics;
		};
		9C6EAF042DD3BFAD00C2A6D2 /* FirebaseFirestore */ = {
			isa = XCSwiftPackageProductDependency;
			package = 9C6EAEFB2DD3BFAD00C2A6D2 /* XCRemoteSwiftPackageReference "firebase-ios-sdk" */;
			productName = FirebaseFirestore;
		};
/* End XCSwiftPackageProductDependency section */
	};
	rootObject = 9C8C93F42D96F4B300B1DC00 /* Project object */;
}
